
Microsoft Visual Studio Solution File, Format Version 12.00
# Visual Studio Version 17
VisualStudioVersion = 17.3.32825.248
MinimumVisualStudioVersion = 10.0.40219.1
Project("{9A19103F-16F7-4668-BE54-9A1E7A4F7556}") = "GeoProfs", "GeoProfs.csproj", "{C228F457-6F1B-4A84-AE31-E301A8A6B29B}"
EndProject
Global
	GlobalSection(SolutionConfigurationPlatforms) = preSolution
		Debug|Any CPU = Debug|Any CPU
		Release|Any CPU = Release|Any CPU
	EndGlobalSection
	GlobalSection(ProjectConfigurationPlatforms) = postSolution
		{C228F457-6F1B-4A84-AE31-E301A8A6B29B}.Debug|Any CPU.ActiveCfg = Debug|Any CPU
		{C228F457-6F1B-4A84-AE31-E301A8A6B29B}.Debug|Any CPU.Build.0 = Debug|Any CPU
		{C228F457-6F1B-4A84-AE31-E301A8A6B29B}.Release|Any CPU.ActiveCfg = Release|Any CPU
		{C228F457-6F1B-4A84-AE31-E301A8A6B29B}.Release|Any CPU.Build.0 = Release|Any CPU
	EndGlobalSection
	GlobalSection(SolutionProperties) = preSolution
		HideSolutionNode = FALSE
	EndGlobalSection
	GlobalSection(ExtensibilityGlobals) = postSolution
		SolutionGuid = {21D59B78-4CBC-44F9-BB6D-D40E23A0A5C8}
	EndGlobalSection
EndGlobal
